
Microsoft Visual Studio Solution File, Format Version 12.00
# Visual Studio 15
VisualStudioVersion = 15.0.25807.0
MinimumVisualStudioVersion = 10.0.40219.1
Project("{2150E333-8FDC-42A3-9474-1A3956D46DE8}") = "Engine", "Engine", "{24F4C849-891B-4BB0-AE91-6410AC1D586C}"
EndProject
Project("{2150E333-8FDC-42A3-9474-1A3956D46DE8}") = "Games", "Games", "{47D5787B-B006-42EB-A8E9-D2DCF17CAB3C}"
EndProject
Project("{8BC9CEB8-8B4A-11D0-8D11-00A0C91BC942}") = "UE4", "Intermediate\ProjectFiles\UE4.vcxproj", "{E06F6EC2-DCEE-40A0-AE78-D848A6028382}"
EndProject
Project("{8BC9CEB8-8B4A-11D0-8D11-00A0C91BC942}") = "Test_2d_project", "Intermediate\ProjectFiles\Test_2d_project.vcxproj", "{7EF55E24-1B97-411F-B4C3-D4D317897085}"
EndProject
Project("{2150E333-8FDC-42A3-9474-1A3956D46DE8}") = "Visualizers", "Visualizers", "{4FC98A42-8096-471F-AF1F-2AA569D4B470}"
	ProjectSection(SolutionItems) = preProject
		..\..\..\..\..\Program Files\Epic Games\UE_4.24\Engine\Extras\VisualStudioDebugging\UE4.natvis = ..\..\..\..\..\Program Files\Epic Games\UE_4.24\Engine\Extras\VisualStudioDebugging\UE4.natvis
	EndProjectSection
EndProject
Global
	GlobalSection(SolutionConfigurationPlatforms) = preSolution
		DebugGame Editor|Win32 = DebugGame Editor|Win32
		DebugGame Editor|Win64 = DebugGame Editor|Win64
		DebugGame|Win32 = DebugGame|Win32
		DebugGame|Win64 = DebugGame|Win64
		Development Editor|Win32 = Development Editor|Win32
		Development Editor|Win64 = Development Editor|Win64
		Development|Win32 = Development|Win32
		Development|Win64 = Development|Win64
		Shipping|Win32 = Shipping|Win32
		Shipping|Win64 = Shipping|Win64
	EndGlobalSection
	GlobalSection(ProjectConfigurationPlatforms) = postSolution
		{E06F6EC2-DCEE-40A0-AE78-D848A6028382}.DebugGame Editor|Win32.ActiveCfg = BuiltWithUnrealBuildTool|Win32
		{E06F6EC2-DCEE-40A0-AE78-D848A6028382}.DebugGame Editor|Win64.ActiveCfg = BuiltWithUnrealBuildTool|Win32
		{E06F6EC2-DCEE-40A0-AE78-D848A6028382}.DebugGame|Win32.ActiveCfg = BuiltWithUnrealBuildTool|Win32
		{E06F6EC2-DCEE-40A0-AE78-D848A6028382}.DebugGame|Win64.ActiveCfg = BuiltWithUnrealBuildTool|Win32
		{E06F6EC2-DCEE-40A0-AE78-D848A6028382}.Development Editor|Win32.ActiveCfg = BuiltWithUnrealBuildTool|Win32
		{E06F6EC2-DCEE-40A0-AE78-D848A6028382}.Development Editor|Win64.ActiveCfg = BuiltWithUnrealBuildTool|Win32
		{E06F6EC2-DCEE-40A0-AE78-D848A6028382}.Development|Win32.ActiveCfg = BuiltWithUnrealBuildTool|Win32
		{E06F6EC2-DCEE-40A0-AE78-D848A6028382}.Development|Win64.ActiveCfg = BuiltWithUnrealBuildTool|Win32
		{E06F6EC2-DCEE-40A0-AE78-D848A6028382}.Shipping|Win32.ActiveCfg = BuiltWithUnrealBuildTool|Win32
		{E06F6EC2-DCEE-40A0-AE78-D848A6028382}.Shipping|Win64.ActiveCfg = BuiltWithUnrealBuildTool|Win32
		{7EF55E24-1B97-411F-B4C3-D4D317897085}.DebugGame Editor|Win32.ActiveCfg = Invalid|Win32
		{7EF55E24-1B97-411F-B4C3-D4D317897085}.DebugGame Editor|Win64.ActiveCfg = DebugGame_Editor|x64
		{7EF55E24-1B97-411F-B4C3-D4D317897085}.DebugGame Editor|Win64.Build.0 = DebugGame_Editor|x64
		{7EF55E24-1B97-411F-B4C3-D4D317897085}.DebugGame|Win32.ActiveCfg = DebugGame|Win32
		{7EF55E24-1B97-411F-B4C3-D4D317897085}.DebugGame|Win32.Build.0 = DebugGame|Win32
		{7EF55E24-1B97-411F-B4C3-D4D317897085}.DebugGame|Win64.ActiveCfg = DebugGame|x64
		{7EF55E24-1B97-411F-B4C3-D4D317897085}.DebugGame|Win64.Build.0 = DebugGame|x64
		{7EF55E24-1B97-411F-B4C3-D4D317897085}.Development Editor|Win32.ActiveCfg = Invalid|Win32
		{7EF55E24-1B97-411F-B4C3-D4D317897085}.Development Editor|Win64.ActiveCfg = Development_Editor|x64
		{7EF55E24-1B97-411F-B4C3-D4D317897085}.Development Editor|Win64.Build.0 = Development_Editor|x64
		{7EF55E24-1B97-411F-B4C3-D4D317897085}.Development|Win32.ActiveCfg = Development|Win32
		{7EF55E24-1B97-411F-B4C3-D4D317897085}.Development|Win32.Build.0 = Development|Win32
		{7EF55E24-1B97-411F-B4C3-D4D317897085}.Development|Win64.ActiveCfg = Development|x64
		{7EF55E24-1B97-411F-B4C3-D4D317897085}.Development|Win64.Build.0 = Development|x64
		{7EF55E24-1B97-411F-B4C3-D4D317897085}.Shipping|Win32.ActiveCfg = Shipping|Win32
		{7EF55E24-1B97-411F-B4C3-D4D317897085}.Shipping|Win32.Build.0 = Shipping|Win32
		{7EF55E24-1B97-411F-B4C3-D4D317897085}.Shipping|Win64.ActiveCfg = Shipping|x64
		{7EF55E24-1B97-411F-B4C3-D4D317897085}.Shipping|Win64.Build.0 = Shipping|x64
	EndGlobalSection
	GlobalSection(SolutionProperties) = preSolution
		HideSolutionNode = FALSE
	EndGlobalSection
	GlobalSection(NestedProjects) = preSolution
		{E06F6EC2-DCEE-40A0-AE78-D848A6028382} = {24F4C849-891B-4BB0-AE91-6410AC1D586C}
		{7EF55E24-1B97-411F-B4C3-D4D317897085} = {47D5787B-B006-42EB-A8E9-D2DCF17CAB3C}
	EndGlobalSection
EndGlobal
